
Microsoft Visual Studio Solution File, Format Version 12.00
# Visual Studio Version 17
VisualStudioVersion = 17.0.31912.275
MinimumVisualStudioVersion = 10.0.40219.1
Project("{FAE04EC0-301F-11D3-BF4B-00C04F79EFBC}") = "CRUD", "CRUD\CRUD.csproj", "{F887606F-4DC3-4FCA-8130-987FBFB9E028}"
EndProject
Global
	GlobalSection(SolutionConfigurationPlatforms) = preSolution
		Debug|Any CPU = Debug|Any CPU
		Release|Any CPU = Release|Any CPU
	EndGlobalSection
	GlobalSection(ProjectConfigurationPlatforms) = postSolution
		{F887606F-4DC3-4FCA-8130-987FBFB9E028}.Debug|Any CPU.ActiveCfg = Debug|Any CPU
		{F887606F-4DC3-4FCA-8130-987FBFB9E028}.Debug|Any CPU.Build.0 = Debug|Any CPU
		{F887606F-4DC3-4FCA-8130-987FBFB9E028}.Release|Any CPU.ActiveCfg = Release|Any CPU
		{F887606F-4DC3-4FCA-8130-987FBFB9E028}.Release|Any CPU.Build.0 = Release|Any CPU
	EndGlobalSection
	GlobalSection(SolutionProperties) = preSolution
		HideSolutionNode = FALSE
	EndGlobalSection
	GlobalSection(ExtensibilityGlobals) = postSolution
		SolutionGuid = {CE1B4F45-BC80-4557-B576-DC3147A0073E}
	EndGlobalSection
EndGlobal
